// !$*UTF8*$!
{
	archiveVersion = 1;
	classes = {
	};
	objectVersion = 56;
	objects = {

/* Begin PBXBuildFile section */
		865CD8602C1578B800D7E9C6 /* AppDelegate.swift in Sources */ = {isa = PBXBuildFile; fileRef = 865CD85F2C1578B800D7E9C6 /* AppDelegate.swift */; };
		865CD8622C1578B800D7E9C6 /* SceneDelegate.swift in Sources */ = {isa = PBXBuildFile; fileRef = 865CD8612C1578B800D7E9C6 /* SceneDelegate.swift */; };
		865CD8642C1578B800D7E9C6 /* CharacterViewController.swift in Sources */ = {isa = PBXBuildFile; fileRef = 865CD8632C1578B800D7E9C6 /* CharacterViewController.swift */; };
		865CD8692C1578BA00D7E9C6 /* Assets.xcassets in Resources */ = {isa = PBXBuildFile; fileRef = 865CD8682C1578BA00D7E9C6 /* Assets.xcassets */; };
		865CD86C2C1578BA00D7E9C6 /* Base in Resources */ = {isa = PBXBuildFile; fileRef = 865CD86B2C1578BA00D7E9C6 /* Base */; };
		865CD8772C157AD100D7E9C6 /* LocationViewController.swift in Sources */ = {isa = PBXBuildFile; fileRef = 865CD8762C157AD100D7E9C6 /* LocationViewController.swift */; };
		865CD8792C157AEA00D7E9C6 /* EpisodeViewController.swift in Sources */ = {isa = PBXBuildFile; fileRef = 865CD8782C157AEA00D7E9C6 /* EpisodeViewController.swift */; };
		865CD87C2C157D8900D7E9C6 /* TabBar.swift in Sources */ = {isa = PBXBuildFile; fileRef = 865CD87B2C157D8800D7E9C6 /* TabBar.swift */; };
		865CD8812C15806800D7E9C6 /* TabBarController.swift in Sources */ = {isa = PBXBuildFile; fileRef = 865CD8802C15806800D7E9C6 /* TabBarController.swift */; };
		865CD8852C16B53300D7E9C6 /* Location.swift in Sources */ = {isa = PBXBuildFile; fileRef = 865CD8842C16B53300D7E9C6 /* Location.swift */; };
		865CD8872C16B53C00D7E9C6 /* Character.swift in Sources */ = {isa = PBXBuildFile; fileRef = 865CD8862C16B53C00D7E9C6 /* Character.swift */; };
		865CD8892C16B54C00D7E9C6 /* Episode.swift in Sources */ = {isa = PBXBuildFile; fileRef = 865CD8882C16B54C00D7E9C6 /* Episode.swift */; };
		865CD88C2C16B68400D7E9C6 /* CharacterEntity.swift in Sources */ = {isa = PBXBuildFile; fileRef = 865CD88B2C16B68400D7E9C6 /* CharacterEntity.swift */; };
		865CD88E2C16B69300D7E9C6 /* LocationEntity.swift in Sources */ = {isa = PBXBuildFile; fileRef = 865CD88D2C16B69300D7E9C6 /* LocationEntity.swift */; };
		865CD8902C16B6A900D7E9C6 /* EpisodeEntity.swift in Sources */ = {isa = PBXBuildFile; fileRef = 865CD88F2C16B6A900D7E9C6 /* EpisodeEntity.swift */; };
		865CD8922C16B7FE00D7E9C6 /* TextData.swift in Sources */ = {isa = PBXBuildFile; fileRef = 865CD8912C16B7FE00D7E9C6 /* TextData.swift */; };
		865CD89A2C16BDF100D7E9C6 /* Realm in Frameworks */ = {isa = PBXBuildFile; productRef = 865CD8992C16BDF100D7E9C6 /* Realm */; };
		865CD89C2C16BDF100D7E9C6 /* RealmSwift in Frameworks */ = {isa = PBXBuildFile; productRef = 865CD89B2C16BDF100D7E9C6 /* RealmSwift */; };
/* End PBXBuildFile section */

/* Begin PBXFileReference section */
		865CD85C2C1578B800D7E9C6 /* RickAndMorty.app */ = {isa = PBXFileReference; explicitFileType = wrapper.application; includeInIndex = 0; path = RickAndMorty.app; sourceTree = BUILT_PRODUCTS_DIR; };
		865CD85F2C1578B800D7E9C6 /* AppDelegate.swift */ = {isa = PBXFileReference; lastKnownFileType = sourcecode.swift; path = AppDelegate.swift; sourceTree = "<group>"; };
		865CD8612C1578B800D7E9C6 /* SceneDelegate.swift */ = {isa = PBXFileReference; lastKnownFileType = sourcecode.swift; path = SceneDelegate.swift; sourceTree = "<group>"; };
		865CD8632C1578B800D7E9C6 /* CharacterViewController.swift */ = {isa = PBXFileReference; lastKnownFileType = sourcecode.swift; path = CharacterViewController.swift; sourceTree = "<group>"; };
		865CD8682C1578BA00D7E9C6 /* Assets.xcassets */ = {isa = PBXFileReference; lastKnownFileType = folder.assetcatalog; path = Assets.xcassets; sourceTree = "<group>"; };
		865CD86B2C1578BA00D7E9C6 /* Base */ = {isa = PBXFileReference; lastKnownFileType = file.storyboard; name = Base; path = Base.lproj/LaunchScreen.storyboard; sourceTree = "<group>"; };
		865CD86D2C1578BA00D7E9C6 /* Info.plist */ = {isa = PBXFileReference; lastKnownFileType = text.plist.xml; path = Info.plist; sourceTree = "<group>"; };
		865CD8762C157AD100D7E9C6 /* LocationViewController.swift */ = {isa = PBXFileReference; lastKnownFileType = sourcecode.swift; path = LocationViewController.swift; sourceTree = "<group>"; };
		865CD8782C157AEA00D7E9C6 /* EpisodeViewController.swift */ = {isa = PBXFileReference; lastKnownFileType = sourcecode.swift; path = EpisodeViewController.swift; sourceTree = "<group>"; };
		865CD87B2C157D8800D7E9C6 /* TabBar.swift */ = {isa = PBXFileReference; lastKnownFileType = sourcecode.swift; path = TabBar.swift; sourceTree = "<group>"; };
		865CD8802C15806800D7E9C6 /* TabBarController.swift */ = {isa = PBXFileReference; lastKnownFileType = sourcecode.swift; path = TabBarController.swift; sourceTree = "<group>"; };
		865CD8842C16B53300D7E9C6 /* Location.swift */ = {isa = PBXFileReference; lastKnownFileType = sourcecode.swift; path = Location.swift; sourceTree = "<group>"; };
		865CD8862C16B53C00D7E9C6 /* Character.swift */ = {isa = PBXFileReference; lastKnownFileType = sourcecode.swift; path = Character.swift; sourceTree = "<group>"; };
		865CD8882C16B54C00D7E9C6 /* Episode.swift */ = {isa = PBXFileReference; lastKnownFileType = sourcecode.swift; path = Episode.swift; sourceTree = "<group>"; };
		865CD88B2C16B68400D7E9C6 /* CharacterEntity.swift */ = {isa = PBXFileReference; lastKnownFileType = sourcecode.swift; path = CharacterEntity.swift; sourceTree = "<group>"; };
		865CD88D2C16B69300D7E9C6 /* LocationEntity.swift */ = {isa = PBXFileReference; lastKnownFileType = sourcecode.swift; path = LocationEntity.swift; sourceTree = "<group>"; };
		865CD88F2C16B6A900D7E9C6 /* EpisodeEntity.swift */ = {isa = PBXFileReference; lastKnownFileType = sourcecode.swift; path = EpisodeEntity.swift; sourceTree = "<group>"; };
		865CD8912C16B7FE00D7E9C6 /* TextData.swift */ = {isa = PBXFileReference; lastKnownFileType = sourcecode.swift; path = TextData.swift; sourceTree = "<group>"; };
/* End PBXFileReference section */

/* Begin PBXFrameworksBuildPhase section */
		865CD8592C1578B800D7E9C6 /* Frameworks */ = {
			isa = PBXFrameworksBuildPhase;
			buildActionMask = 2147483647;
			files = (
				865CD89C2C16BDF100D7E9C6 /* RealmSwift in Frameworks */,
				865CD89A2C16BDF100D7E9C6 /* Realm in Frameworks */,
			);
			runOnlyForDeploymentPostprocessing = 0;
		};
/* End PBXFrameworksBuildPhase section */

/* Begin PBXGroup section */
		865CD8532C1578B800D7E9C6 = {
			isa = PBXGroup;
			children = (
				865CD85E2C1578B800D7E9C6 /* RickAndMorty */,
				865CD85D2C1578B800D7E9C6 /* Products */,
			);
			sourceTree = "<group>";
		};
		865CD85D2C1578B800D7E9C6 /* Products */ = {
			isa = PBXGroup;
			children = (
				865CD85C2C1578B800D7E9C6 /* RickAndMorty.app */,
			);
			name = Products;
			sourceTree = "<group>";
		};
		865CD85E2C1578B800D7E9C6 /* RickAndMorty */ = {
			isa = PBXGroup;
			children = (
				865CD8732C1578C500D7E9C6 /* App */,
				865CD87A2C157D6F00D7E9C6 /* Constants */,
				865CD88A2C16B66700D7E9C6 /* Database */,
				865CD8822C15876800D7E9C6 /* Model */,
				865CD87F2C15802600D7E9C6 /* View */,
				865CD8832C15876E00D7E9C6 /* Presenter */,
				865CD87D2C157FAF00D7E9C6 /* Resources */,
				865CD86D2C1578BA00D7E9C6 /* Info.plist */,
			);
			path = RickAndMorty;
			sourceTree = "<group>";
		};
		865CD8732C1578C500D7E9C6 /* App */ = {
			isa = PBXGroup;
			children = (
				865CD85F2C1578B800D7E9C6 /* AppDelegate.swift */,
				865CD8612C1578B800D7E9C6 /* SceneDelegate.swift */,
			);
			path = App;
			sourceTree = "<group>";
		};
		865CD87A2C157D6F00D7E9C6 /* Constants */ = {
			isa = PBXGroup;
			children = (
				865CD87B2C157D8800D7E9C6 /* TabBar.swift */,
				865CD8912C16B7FE00D7E9C6 /* TextData.swift */,
			);
			path = Constants;
			sourceTree = "<group>";
		};
		865CD87D2C157FAF00D7E9C6 /* Resources */ = {
			isa = PBXGroup;
			children = (
				865CD86A2C1578BA00D7E9C6 /* LaunchScreen.storyboard */,
				865CD8682C1578BA00D7E9C6 /* Assets.xcassets */,
			);
			path = Resources;
			sourceTree = "<group>";
		};
		865CD87F2C15802600D7E9C6 /* View */ = {
			isa = PBXGroup;
			children = (
				865CD8802C15806800D7E9C6 /* TabBarController.swift */,
				865CD8632C1578B800D7E9C6 /* CharacterViewController.swift */,
				865CD8762C157AD100D7E9C6 /* LocationViewController.swift */,
				865CD8782C157AEA00D7E9C6 /* EpisodeViewController.swift */,
			);
			path = View;
			sourceTree = "<group>";
		};
		865CD8822C15876800D7E9C6 /* Model */ = {
			isa = PBXGroup;
			children = (
				865CD8862C16B53C00D7E9C6 /* Character.swift */,
				865CD8842C16B53300D7E9C6 /* Location.swift */,
				865CD8882C16B54C00D7E9C6 /* Episode.swift */,
			);
			path = Model;
			sourceTree = "<group>";
		};
		865CD8832C15876E00D7E9C6 /* Presenter */ = {
			isa = PBXGroup;
			children = (
			);
			path = Presenter;
			sourceTree = "<group>";
		};
		865CD88A2C16B66700D7E9C6 /* Database */ = {
			isa = PBXGroup;
			children = (
				865CD88B2C16B68400D7E9C6 /* CharacterEntity.swift */,
				865CD88D2C16B69300D7E9C6 /* LocationEntity.swift */,
				865CD88F2C16B6A900D7E9C6 /* EpisodeEntity.swift */,
			);
			path = Database;
			sourceTree = "<group>";
		};
/* End PBXGroup section */

/* Begin PBXNativeTarget section */
		865CD85B2C1578B800D7E9C6 /* RickAndMorty */ = {
			isa = PBXNativeTarget;
			buildConfigurationList = 865CD8702C1578BA00D7E9C6 /* Build configuration list for PBXNativeTarget "RickAndMorty" */;
			buildPhases = (
				865CD8582C1578B800D7E9C6 /* Sources */,
				865CD8592C1578B800D7E9C6 /* Frameworks */,
				865CD85A2C1578B800D7E9C6 /* Resources */,
			);
			buildRules = (
			);
			dependencies = (
			);
			name = RickAndMorty;
			packageProductDependencies = (
				865CD8992C16BDF100D7E9C6 /* Realm */,
				865CD89B2C16BDF100D7E9C6 /* RealmSwift */,
			);
			productName = RickAndMorty;
			productReference = 865CD85C2C1578B800D7E9C6 /* RickAndMorty.app */;
			productType = "com.apple.product-type.application";
		};
/* End PBXNativeTarget section */

/* Begin PBXProject section */
		865CD8542C1578B800D7E9C6 /* Project object */ = {
			isa = PBXProject;
			attributes = {
				BuildIndependentTargetsInParallel = 1;
				LastSwiftUpdateCheck = 1540;
				LastUpgradeCheck = 1540;
				TargetAttributes = {
					865CD85B2C1578B800D7E9C6 = {
						CreatedOnToolsVersion = 15.4;
					};
				};
			};
			buildConfigurationList = 865CD8572C1578B800D7E9C6 /* Build configuration list for PBXProject "RickAndMorty" */;
			compatibilityVersion = "Xcode 14.0";
			developmentRegion = en;
			hasScannedForEncodings = 0;
			knownRegions = (
				en,
				Base,
			);
			mainGroup = 865CD8532C1578B800D7E9C6;
			packageReferences = (
				865CD8982C16BDF100D7E9C6 /* XCRemoteSwiftPackageReference "realm-swift" */,
			);
			productRefGroup = 865CD85D2C1578B800D7E9C6 /* Products */;
			projectDirPath = "";
			projectRoot = "";
			targets = (
				865CD85B2C1578B800D7E9C6 /* RickAndMorty */,
			);
		};
/* End PBXProject section */

/* Begin PBXResourcesBuildPhase section */
		865CD85A2C1578B800D7E9C6 /* Resources */ = {
			isa = PBXResourcesBuildPhase;
			buildActionMask = 2147483647;
			files = (
				865CD8692C1578BA00D7E9C6 /* Assets.xcassets in Resources */,
				865CD86C2C1578BA00D7E9C6 /* Base in Resources */,
			);
			runOnlyForDeploymentPostprocessing = 0;
		};
/* End PBXResourcesBuildPhase section */

/* Begin PBXSourcesBuildPhase section */
		865CD8582C1578B800D7E9C6 /* Sources */ = {
			isa = PBXSourcesBuildPhase;
			buildActionMask = 2147483647;
			files = (
				865CD8872C16B53C00D7E9C6 /* Character.swift in Sources */,
				865CD88E2C16B69300D7E9C6 /* LocationEntity.swift in Sources */,
				865CD8772C157AD100D7E9C6 /* LocationViewController.swift in Sources */,
				865CD8642C1578B800D7E9C6 /* CharacterViewController.swift in Sources */,
				865CD8892C16B54C00D7E9C6 /* Episode.swift in Sources */,
				865CD88C2C16B68400D7E9C6 /* CharacterEntity.swift in Sources */,
				865CD8922C16B7FE00D7E9C6 /* TextData.swift in Sources */,
				865CD8902C16B6A900D7E9C6 /* EpisodeEntity.swift in Sources */,
				865CD8852C16B53300D7E9C6 /* Location.swift in Sources */,
				865CD8602C1578B800D7E9C6 /* AppDelegate.swift in Sources */,
				865CD8792C157AEA00D7E9C6 /* EpisodeViewController.swift in Sources */,
				865CD8812C15806800D7E9C6 /* TabBarController.swift in Sources */,
				865CD8622C1578B800D7E9C6 /* SceneDelegate.swift in Sources */,
				865CD87C2C157D8900D7E9C6 /* TabBar.swift in Sources */,
			);
			runOnlyForDeploymentPostprocessing = 0;
		};
/* End PBXSourcesBuildPhase section */

/* Begin PBXVariantGroup section */
		865CD86A2C1578BA00D7E9C6 /* LaunchScreen.storyboard */ = {
			isa = PBXVariantGroup;
			children = (
				865CD86B2C1578BA00D7E9C6 /* Base */,
			);
			name = LaunchScreen.storyboard;
			sourceTree = "<group>";
		};
/* End PBXVariantGroup section */

/* Begin XCBuildConfiguration section */
		865CD86E2C1578BA00D7E9C6 /* Debug */ = {
			isa = XCBuildConfiguration;
			buildSettings = {
				ALWAYS_SEARCH_USER_PATHS = NO;
				ASSETCATALOG_COMPILER_GENERATE_SWIFT_ASSET_SYMBOL_EXTENSIONS = YES;
				CLANG_ANALYZER_NONNULL = YES;
				CLANG_ANALYZER_NUMBER_OBJECT_CONVERSION = YES_AGGRESSIVE;
				CLANG_CXX_LANGUAGE_STANDARD = "gnu++20";
				CLANG_ENABLE_MODULES = YES;
				CLANG_ENABLE_OBJC_ARC = YES;
				CLANG_ENABLE_OBJC_WEAK = YES;
				CLANG_WARN_BLOCK_CAPTURE_AUTORELEASING = YES;
				CLANG_WARN_BOOL_CONVERSION = YES;
				CLANG_WARN_COMMA = YES;
				CLANG_WARN_CONSTANT_CONVERSION = YES;
				CLANG_WARN_DEPRECATED_OBJC_IMPLEMENTATIONS = YES;
				CLANG_WARN_DIRECT_OBJC_ISA_USAGE = YES_ERROR;
				CLANG_WARN_DOCUMENTATION_COMMENTS = YES;
				CLANG_WARN_EMPTY_BODY = YES;
				CLANG_WARN_ENUM_CONVERSION = YES;
				CLANG_WARN_INFINITE_RECURSION = YES;
				CLANG_WARN_INT_CONVERSION = YES;
				CLANG_WARN_NON_LITERAL_NULL_CONVERSION = YES;
				CLANG_WARN_OBJC_IMPLICIT_RETAIN_SELF = YES;
				CLANG_WARN_OBJC_LITERAL_CONVERSION = YES;
				CLANG_WARN_OBJC_ROOT_CLASS = YES_ERROR;
				CLANG_WARN_QUOTED_INCLUDE_IN_FRAMEWORK_HEADER = YES;
				CLANG_WARN_RANGE_LOOP_ANALYSIS = YES;
				CLANG_WARN_STRICT_PROTOTYPES = YES;
				CLANG_WARN_SUSPICIOUS_MOVE = YES;
				CLANG_WARN_UNGUARDED_AVAILABILITY = YES_AGGRESSIVE;
				CLANG_WARN_UNREACHABLE_CODE = YES;
				CLANG_WARN__DUPLICATE_METHOD_MATCH = YES;
				COPY_PHASE_STRIP = NO;
				DEBUG_INFORMATION_FORMAT = dwarf;
				ENABLE_STRICT_OBJC_MSGSEND = YES;
				ENABLE_TESTABILITY = YES;
				ENABLE_USER_SCRIPT_SANDBOXING = YES;
				GCC_C_LANGUAGE_STANDARD = gnu17;
				GCC_DYNAMIC_NO_PIC = NO;
				GCC_NO_COMMON_BLOCKS = YES;
				GCC_OPTIMIZATION_LEVEL = 0;
				GCC_PREPROCESSOR_DEFINITIONS = (
					"DEBUG=1",
					"$(inherited)",
				);
				GCC_WARN_64_TO_32_BIT_CONVERSION = YES;
				GCC_WARN_ABOUT_RETURN_TYPE = YES_ERROR;
				GCC_WARN_UNDECLARED_SELECTOR = YES;
				GCC_WARN_UNINITIALIZED_AUTOS = YES_AGGRESSIVE;
				GCC_WARN_UNUSED_FUNCTION = YES;
				GCC_WARN_UNUSED_VARIABLE = YES;
				IPHONEOS_DEPLOYMENT_TARGET = 17.5;
				LOCALIZATION_PREFERS_STRING_CATALOGS = YES;
				MTL_ENABLE_DEBUG_INFO = INCLUDE_SOURCE;
				MTL_FAST_MATH = YES;
				ONLY_ACTIVE_ARCH = YES;
				SDKROOT = iphoneos;
				SWIFT_ACTIVE_COMPILATION_CONDITIONS = "DEBUG $(inherited)";
				SWIFT_OPTIMIZATION_LEVEL = "-Onone";
			};
			name = Debug;
		};
		865CD86F2C1578BA00D7E9C6 /* Release */ = {
			isa = XCBuildConfiguration;
			buildSettings = {
				ALWAYS_SEARCH_USER_PATHS = NO;
				ASSETCATALOG_COMPILER_GENERATE_SWIFT_ASSET_SYMBOL_EXTENSIONS = YES;
				CLANG_ANALYZER_NONNULL = YES;
				CLANG_ANALYZER_NUMBER_OBJECT_CONVERSION = YES_AGGRESSIVE;
				CLANG_CXX_LANGUAGE_STANDARD = "gnu++20";
				CLANG_ENABLE_MODULES = YES;
				CLANG_ENABLE_OBJC_ARC = YES;
				CLANG_ENABLE_OBJC_WEAK = YES;
				CLANG_WARN_BLOCK_CAPTURE_AUTORELEASING = YES;
				CLANG_WARN_BOOL_CONVERSION = YES;
				CLANG_WARN_COMMA = YES;
				CLANG_WARN_CONSTANT_CONVERSION = YES;
				CLANG_WARN_DEPRECATED_OBJC_IMPLEMENTATIONS = YES;
				CLANG_WARN_DIRECT_OBJC_ISA_USAGE = YES_ERROR;
				CLANG_WARN_DOCUMENTATION_COMMENTS = YES;
				CLANG_WARN_EMPTY_BODY = YES;
				CLANG_WARN_ENUM_CONVERSION = YES;
				CLANG_WARN_INFINITE_RECURSION = YES;
				CLANG_WARN_INT_CONVERSION = YES;
				CLANG_WARN_NON_LITERAL_NULL_CONVERSION = YES;
				CLANG_WARN_OBJC_IMPLICIT_RETAIN_SELF = YES;
				CLANG_WARN_OBJC_LITERAL_CONVERSION = YES;
				CLANG_WARN_OBJC_ROOT_CLASS = YES_ERROR;
				CLANG_WARN_QUOTED_INCLUDE_IN_FRAMEWORK_HEADER = YES;
				CLANG_WARN_RANGE_LOOP_ANALYSIS = YES;
				CLANG_WARN_STRICT_PROTOTYPES = YES;
				CLANG_WARN_SUSPICIOUS_MOVE = YES;
				CLANG_WARN_UNGUARDED_AVAILABILITY = YES_AGGRESSIVE;
				CLANG_WARN_UNREACHABLE_CODE = YES;
				CLANG_WARN__DUPLICATE_METHOD_MATCH = YES;
				COPY_PHASE_STRIP = NO;
				DEBUG_INFORMATION_FORMAT = "dwarf-with-dsym";
				ENABLE_NS_ASSERTIONS = NO;
				ENABLE_STRICT_OBJC_MSGSEND = YES;
				ENABLE_USER_SCRIPT_SANDBOXING = YES;
				GCC_C_LANGUAGE_STANDARD = gnu17;
				GCC_NO_COMMON_BLOCKS = YES;
				GCC_WARN_64_TO_32_BIT_CONVERSION = YES;
				GCC_WARN_ABOUT_RETURN_TYPE = YES_ERROR;
				GCC_WARN_UNDECLARED_SELECTOR = YES;
				GCC_WARN_UNINITIALIZED_AUTOS = YES_AGGRESSIVE;
				GCC_WARN_UNUSED_FUNCTION = YES;
				GCC_WARN_UNUSED_VARIABLE = YES;
				IPHONEOS_DEPLOYMENT_TARGET = 17.5;
				LOCALIZATION_PREFERS_STRING_CATALOGS = YES;
				MTL_ENABLE_DEBUG_INFO = NO;
				MTL_FAST_MATH = YES;
				SDKROOT = iphoneos;
				SWIFT_COMPILATION_MODE = wholemodule;
				VALIDATE_PRODUCT = YES;
			};
			name = Release;
		};
		865CD8712C1578BA00D7E9C6 /* Debug */ = {
			isa = XCBuildConfiguration;
			buildSettings = {
				ASSETCATALOG_COMPILER_APPICON_NAME = AppIcon;
				ASSETCATALOG_COMPILER_GLOBAL_ACCENT_COLOR_NAME = AccentColor;
				CODE_SIGN_STYLE = Automatic;
				CURRENT_PROJECT_VERSION = 1;
				DEVELOPMENT_TEAM = 3KQ9N5F32S;
				GENERATE_INFOPLIST_FILE = YES;
				INFOPLIST_FILE = RickAndMorty/Info.plist;
				INFOPLIST_KEY_CFBundleDisplayName = "Rick and Morty";
				INFOPLIST_KEY_LSApplicationCategoryType = "public.app-category.entertainment";
				INFOPLIST_KEY_UIApplicationSupportsIndirectInputEvents = YES;
				INFOPLIST_KEY_UILaunchStoryboardName = LaunchScreen;
				INFOPLIST_KEY_UISupportedInterfaceOrientations = UIInterfaceOrientationPortrait;
				INFOPLIST_KEY_UISupportedInterfaceOrientations_iPad = "UIInterfaceOrientationPortrait UIInterfaceOrientationPortraitUpsideDown";
				IPHONEOS_DEPLOYMENT_TARGET = 16.0;
				LD_RUNPATH_SEARCH_PATHS = (
					"$(inherited)",
					"@executable_path/Frameworks",
				);
				MARKETING_VERSION = 1.0;
				PRODUCT_BUNDLE_IDENTIFIER = "Aliia-Satbakova.RickAndMorty";
				PRODUCT_NAME = "$(TARGET_NAME)";
				SWIFT_EMIT_LOC_STRINGS = YES;
				SWIFT_VERSION = 5.0;
				TARGETED_DEVICE_FAMILY = "1,2";
			};
			name = Debug;
		};
		865CD8722C1578BA00D7E9C6 /* Release */ = {
			isa = XCBuildConfiguration;
			buildSettings = {
				ASSETCATALOG_COMPILER_APPICON_NAME = AppIcon;
				ASSETCATALOG_COMPILER_GLOBAL_ACCENT_COLOR_NAME = AccentColor;
				CODE_SIGN_STYLE = Automatic;
				CURRENT_PROJECT_VERSION = 1;
				DEVELOPMENT_TEAM = 3KQ9N5F32S;
				GENERATE_INFOPLIST_FILE = YES;
				INFOPLIST_FILE = RickAndMorty/Info.plist;
				INFOPLIST_KEY_CFBundleDisplayName = "Rick and Morty";
				INFOPLIST_KEY_LSApplicationCategoryType = "public.app-category.entertainment";
				INFOPLIST_KEY_UIApplicationSupportsIndirectInputEvents = YES;
				INFOPLIST_KEY_UILaunchStoryboardName = LaunchScreen;
				INFOPLIST_KEY_UISupportedInterfaceOrientations = UIInterfaceOrientationPortrait;
				INFOPLIST_KEY_UISupportedInterfaceOrientations_iPad = "UIInterfaceOrientationPortrait UIInterfaceOrientationPortraitUpsideDown";
				IPHONEOS_DEPLOYMENT_TARGET = 16.0;
				LD_RUNPATH_SEARCH_PATHS = (
					"$(inherited)",
					"@executable_path/Frameworks",
				);
				MARKETING_VERSION = 1.0;
				PRODUCT_BUNDLE_IDENTIFIER = "Aliia-Satbakova.RickAndMorty";
				PRODUCT_NAME = "$(TARGET_NAME)";
				SWIFT_EMIT_LOC_STRINGS = YES;
				SWIFT_VERSION = 5.0;
				TARGETED_DEVICE_FAMILY = "1,2";
			};
			name = Release;
		};
/* End XCBuildConfiguration section */

/* Begin XCConfigurationList section */
		865CD8572C1578B800D7E9C6 /* Build configuration list for PBXProject "RickAndMorty" */ = {
			isa = XCConfigurationList;
			buildConfigurations = (
				865CD86E2C1578BA00D7E9C6 /* Debug */,
				865CD86F2C1578BA00D7E9C6 /* Release */,
			);
			defaultConfigurationIsVisible = 0;
			defaultConfigurationName = Release;
		};
		865CD8702C1578BA00D7E9C6 /* Build configuration list for PBXNativeTarget "RickAndMorty" */ = {
			isa = XCConfigurationList;
			buildConfigurations = (
				865CD8712C1578BA00D7E9C6 /* Debug */,
				865CD8722C1578BA00D7E9C6 /* Release */,
			);
			defaultConfigurationIsVisible = 0;
			defaultConfigurationName = Release;
		};
/* End XCConfigurationList section */

/* Begin XCRemoteSwiftPackageReference section */
		865CD8982C16BDF100D7E9C6 /* XCRemoteSwiftPackageReference "realm-swift" */ = {
			isa = XCRemoteSwiftPackageReference;
			repositoryURL = "https://github.com/realm/realm-swift.git";
			requirement = {
				kind = upToNextMajorVersion;
				minimumVersion = 10.45.2;
			};
		};
/* End XCRemoteSwiftPackageReference section */

/* Begin XCSwiftPackageProductDependency section */
		865CD8992C16BDF100D7E9C6 /* Realm */ = {
			isa = XCSwiftPackageProductDependency;
			package = 865CD8982C16BDF100D7E9C6 /* XCRemoteSwiftPackageReference "realm-swift" */;
			productName = Realm;
		};
		865CD89B2C16BDF100D7E9C6 /* RealmSwift */ = {
			isa = XCSwiftPackageProductDependency;
			package = 865CD8982C16BDF100D7E9C6 /* XCRemoteSwiftPackageReference "realm-swift" */;
			productName = RealmSwift;
		};
/* End XCSwiftPackageProductDependency section */
	};
	rootObject = 865CD8542C1578B800D7E9C6 /* Project object */;
}
